// !$*UTF8*$!
{
	archiveVersion = 1;
	classes = {
	};
	objectVersion = 46;
	objects = {

/* Begin PBXBuildFile section */
		90AB769B1F9BA5B700A30D76 /* AppDelegate.swift in Sources */ = {isa = PBXBuildFile; fileRef = 90AB769A1F9BA5B700A30D76 /* AppDelegate.swift */; };
		90AB769D1F9BA5B700A30D76 /* MasterViewController.swift in Sources */ = {isa = PBXBuildFile; fileRef = 90AB769C1F9BA5B700A30D76 /* MasterViewController.swift */; };
		90AB769F1F9BA5B700A30D76 /* DetailViewController.swift in Sources */ = {isa = PBXBuildFile; fileRef = 90AB769E1F9BA5B700A30D76 /* DetailViewController.swift */; };
		90AB76A21F9BA5B700A30D76 /* Main.storyboard in Resources */ = {isa = PBXBuildFile; fileRef = 90AB76A01F9BA5B700A30D76 /* Main.storyboard */; };
		90AB76A41F9BA5B700A30D76 /* Assets.xcassets in Resources */ = {isa = PBXBuildFile; fileRef = 90AB76A31F9BA5B700A30D76 /* Assets.xcassets */; };
		90AB76A71F9BA5B700A30D76 /* LaunchScreen.storyboard in Resources */ = {isa = PBXBuildFile; fileRef = 90AB76A51F9BA5B700A30D76 /* LaunchScreen.storyboard */; };
		90AB76B21F9BA5B700A30D76 /* jolisPoissonsTests.swift in Sources */ = {isa = PBXBuildFile; fileRef = 90AB76B11F9BA5B700A30D76 /* jolisPoissonsTests.swift */; };
		90AB76BD1F9BA5B800A30D76 /* jolisPoissonsUITests.swift in Sources */ = {isa = PBXBuildFile; fileRef = 90AB76BC1F9BA5B800A30D76 /* jolisPoissonsUITests.swift */; };
/* End PBXBuildFile section */

/* Begin PBXContainerItemProxy section */
		90AB76AE1F9BA5B700A30D76 /* PBXContainerItemProxy */ = {
			isa = PBXContainerItemProxy;
			containerPortal = 90AB768F1F9BA5B700A30D76 /* Project object */;
			proxyType = 1;
			remoteGlobalIDString = 90AB76961F9BA5B700A30D76;
			remoteInfo = jolisPoissons;
		};
		90AB76B91F9BA5B800A30D76 /* PBXContainerItemProxy */ = {
			isa = PBXContainerItemProxy;
			containerPortal = 90AB768F1F9BA5B700A30D76 /* Project object */;
			proxyType = 1;
			remoteGlobalIDString = 90AB76961F9BA5B700A30D76;
			remoteInfo = jolisPoissons;
		};
/* End PBXContainerItemProxy section */

/* Begin PBXFileReference section */
		90AB76971F9BA5B700A30D76 /* jolisPoissons.app */ = {isa = PBXFileReference; explicitFileType = wrapper.application; includeInIndex = 0; path = jolisPoissons.app; sourceTree = BUILT_PRODUCTS_DIR; };
		90AB769A1F9BA5B700A30D76 /* AppDelegate.swift */ = {isa = PBXFileReference; lastKnownFileType = sourcecode.swift; path = AppDelegate.swift; sourceTree = "<group>"; };
		90AB769C1F9BA5B700A30D76 /* MasterViewController.swift */ = {isa = PBXFileReference; lastKnownFileType = sourcecode.swift; path = MasterViewController.swift; sourceTree = "<group>"; };
		90AB769E1F9BA5B700A30D76 /* DetailViewController.swift */ = {isa = PBXFileReference; lastKnownFileType = sourcecode.swift; path = DetailViewController.swift; sourceTree = "<group>"; };
		90AB76A11F9BA5B700A30D76 /* Base */ = {isa = PBXFileReference; lastKnownFileType = file.storyboard; name = Base; path = Base.lproj/Main.storyboard; sourceTree = "<group>"; };
		90AB76A31F9BA5B700A30D76 /* Assets.xcassets */ = {isa = PBXFileReference; lastKnownFileType = folder.assetcatalog; path = Assets.xcassets; sourceTree = "<group>"; };
		90AB76A61F9BA5B700A30D76 /* Base */ = {isa = PBXFileReference; lastKnownFileType = file.storyboard; name = Base; path = Base.lproj/LaunchScreen.storyboard; sourceTree = "<group>"; };
		90AB76A81F9BA5B700A30D76 /* Info.plist */ = {isa = PBXFileReference; lastKnownFileType = text.plist.xml; path = Info.plist; sourceTree = "<group>"; };
		90AB76AD1F9BA5B700A30D76 /* jolisPoissonsTests.xctest */ = {isa = PBXFileReference; explicitFileType = wrapper.cfbundle; includeInIndex = 0; path = jolisPoissonsTests.xctest; sourceTree = BUILT_PRODUCTS_DIR; };
		90AB76B11F9BA5B700A30D76 /* jolisPoissonsTests.swift */ = {isa = PBXFileReference; lastKnownFileType = sourcecode.swift; path = jolisPoissonsTests.swift; sourceTree = "<group>"; };
		90AB76B31F9BA5B700A30D76 /* Info.plist */ = {isa = PBXFileReference; lastKnownFileType = text.plist.xml; path = Info.plist; sourceTree = "<group>"; };
		90AB76B81F9BA5B800A30D76 /* jolisPoissonsUITests.xctest */ = {isa = PBXFileReference; explicitFileType = wrapper.cfbundle; includeInIndex = 0; path = jolisPoissonsUITests.xctest; sourceTree = BUILT_PRODUCTS_DIR; };
		90AB76BC1F9BA5B800A30D76 /* jolisPoissonsUITests.swift */ = {isa = PBXFileReference; lastKnownFileType = sourcecode.swift; path = jolisPoissonsUITests.swift; sourceTree = "<group>"; };
		90AB76BE1F9BA5B800A30D76 /* Info.plist */ = {isa = PBXFileReference; lastKnownFileType = text.plist.xml; path = Info.plist; sourceTree = "<group>"; };
/* End PBXFileReference section */

/* Begin PBXFrameworksBuildPhase section */
		90AB76941F9BA5B700A30D76 /* Frameworks */ = {
			isa = PBXFrameworksBuildPhase;
			buildActionMask = 2147483647;
			files = (
			);
			runOnlyForDeploymentPostprocessing = 0;
		};
		90AB76AA1F9BA5B700A30D76 /* Frameworks */ = {
			isa = PBXFrameworksBuildPhase;
			buildActionMask = 2147483647;
			files = (
			);
			runOnlyForDeploymentPostprocessing = 0;
		};
		90AB76B51F9BA5B800A30D76 /* Frameworks */ = {
			isa = PBXFrameworksBuildPhase;
			buildActionMask = 2147483647;
			files = (
			);
			runOnlyForDeploymentPostprocessing = 0;
		};
/* End PBXFrameworksBuildPhase section */

/* Begin PBXGroup section */
		90AB768E1F9BA5B700A30D76 = {
			isa = PBXGroup;
			children = (
				90AB76991F9BA5B700A30D76 /* jolisPoissons */,
				90AB76B01F9BA5B700A30D76 /* jolisPoissonsTests */,
				90AB76BB1F9BA5B800A30D76 /* jolisPoissonsUITests */,
				90AB76981F9BA5B700A30D76 /* Products */,
			);
			sourceTree = "<group>";
		};
		90AB76981F9BA5B700A30D76 /* Products */ = {
			isa = PBXGroup;
			children = (
				90AB76971F9BA5B700A30D76 /* jolisPoissons.app */,
				90AB76AD1F9BA5B700A30D76 /* jolisPoissonsTests.xctest */,
				90AB76B81F9BA5B800A30D76 /* jolisPoissonsUITests.xctest */,
			);
			name = Products;
			sourceTree = "<group>";
		};
		90AB76991F9BA5B700A30D76 /* jolisPoissons */ = {
			isa = PBXGroup;
			children = (
				90AB769A1F9BA5B700A30D76 /* AppDelegate.swift */,
				90AB769C1F9BA5B700A30D76 /* MasterViewController.swift */,
				90AB769E1F9BA5B700A30D76 /* DetailViewController.swift */,
				90AB76A01F9BA5B700A30D76 /* Main.storyboard */,
				90AB76A31F9BA5B700A30D76 /* Assets.xcassets */,
				90AB76A51F9BA5B700A30D76 /* LaunchScreen.storyboard */,
				90AB76A81F9BA5B700A30D76 /* Info.plist */,
			);
			path = jolisPoissons;
			sourceTree = "<group>";
		};
		90AB76B01F9BA5B700A30D76 /* jolisPoissonsTests */ = {
			isa = PBXGroup;
			children = (
				90AB76B11F9BA5B700A30D76 /* jolisPoissonsTests.swift */,
				90AB76B31F9BA5B700A30D76 /* Info.plist */,
			);
			path = jolisPoissonsTests;
			sourceTree = "<group>";
		};
		90AB76BB1F9BA5B800A30D76 /* jolisPoissonsUITests */ = {
			isa = PBXGroup;
			children = (
				90AB76BC1F9BA5B800A30D76 /* jolisPoissonsUITests.swift */,
				90AB76BE1F9BA5B800A30D76 /* Info.plist */,
			);
			path = jolisPoissonsUITests;
			sourceTree = "<group>";
		};
/* End PBXGroup section */

/* Begin PBXNativeTarget section */
		90AB76961F9BA5B700A30D76 /* jolisPoissons */ = {
			isa = PBXNativeTarget;
			buildConfigurationList = 90AB76C11F9BA5B800A30D76 /* Build configuration list for PBXNativeTarget "jolisPoissons" */;
			buildPhases = (
				90AB76931F9BA5B700A30D76 /* Sources */,
				90AB76941F9BA5B700A30D76 /* Frameworks */,
				90AB76951F9BA5B700A30D76 /* Resources */,
			);
			buildRules = (
			);
			dependencies = (
			);
			name = jolisPoissons;
			productName = jolisPoissons;
			productReference = 90AB76971F9BA5B700A30D76 /* jolisPoissons.app */;
			productType = "com.apple.product-type.application";
		};
		90AB76AC1F9BA5B700A30D76 /* jolisPoissonsTests */ = {
			isa = PBXNativeTarget;
			buildConfigurationList = 90AB76C41F9BA5B800A30D76 /* Build configuration list for PBXNativeTarget "jolisPoissonsTests" */;
			buildPhases = (
				90AB76A91F9BA5B700A30D76 /* Sources */,
				90AB76AA1F9BA5B700A30D76 /* Frameworks */,
				90AB76AB1F9BA5B700A30D76 /* Resources */,
			);
			buildRules = (
			);
			dependencies = (
				90AB76AF1F9BA5B700A30D76 /* PBXTargetDependency */,
			);
			name = jolisPoissonsTests;
			productName = jolisPoissonsTests;
			productReference = 90AB76AD1F9BA5B700A30D76 /* jolisPoissonsTests.xctest */;
			productType = "com.apple.product-type.bundle.unit-test";
		};
		90AB76B71F9BA5B800A30D76 /* jolisPoissonsUITests */ = {
			isa = PBXNativeTarget;
			buildConfigurationList = 90AB76C71F9BA5B800A30D76 /* Build configuration list for PBXNativeTarget "jolisPoissonsUITests" */;
			buildPhases = (
				90AB76B41F9BA5B800A30D76 /* Sources */,
				90AB76B51F9BA5B800A30D76 /* Frameworks */,
				90AB76B61F9BA5B800A30D76 /* Resources */,
			);
			buildRules = (
			);
			dependencies = (
				90AB76BA1F9BA5B800A30D76 /* PBXTargetDependency */,
			);
			name = jolisPoissonsUITests;
			productName = jolisPoissonsUITests;
			productReference = 90AB76B81F9BA5B800A30D76 /* jolisPoissonsUITests.xctest */;
			productType = "com.apple.product-type.bundle.ui-testing";
		};
/* End PBXNativeTarget section */

/* Begin PBXProject section */
		90AB768F1F9BA5B700A30D76 /* Project object */ = {
			isa = PBXProject;
			attributes = {
				LastSwiftUpdateCheck = 0830;
				LastUpgradeCheck = 0830;
				ORGANIZATIONNAME = "Rock Valley College";
				TargetAttributes = {
					90AB76961F9BA5B700A30D76 = {
						CreatedOnToolsVersion = 8.3.2;
						DevelopmentTeam = RZB966GZ6E;
						ProvisioningStyle = Automatic;
					};
					90AB76AC1F9BA5B700A30D76 = {
						CreatedOnToolsVersion = 8.3.2;
						DevelopmentTeam = RZB966GZ6E;
						ProvisioningStyle = Automatic;
						TestTargetID = 90AB76961F9BA5B700A30D76;
					};
					90AB76B71F9BA5B800A30D76 = {
						CreatedOnToolsVersion = 8.3.2;
						DevelopmentTeam = RZB966GZ6E;
						ProvisioningStyle = Automatic;
						TestTargetID = 90AB76961F9BA5B700A30D76;
					};
				};
			};
			buildConfigurationList = 90AB76921F9BA5B700A30D76 /* Build configuration list for PBXProject "jolisPoissons" */;
			compatibilityVersion = "Xcode 3.2";
			developmentRegion = English;
			hasScannedForEncodings = 0;
			knownRegions = (
				en,
				Base,
			);
			mainGroup = 90AB768E1F9BA5B700A30D76;
			productRefGroup = 90AB76981F9BA5B700A30D76 /* Products */;
			projectDirPath = "";
			projectRoot = "";
			targets = (
				90AB76961F9BA5B700A30D76 /* jolisPoissons */,
				90AB76AC1F9BA5B700A30D76 /* jolisPoissonsTests */,
				90AB76B71F9BA5B800A30D76 /* jolisPoissonsUITests */,
			);
		};
/* End PBXProject section */

/* Begin PBXResourcesBuildPhase section */
		90AB76951F9BA5B700A30D76 /* Resources */ = {
			isa = PBXResourcesBuildPhase;
			buildActionMask = 2147483647;
			files = (
				90AB76A71F9BA5B700A30D76 /* LaunchScreen.storyboard in Resources */,
				90AB76A41F9BA5B700A30D76 /* Assets.xcassets in Resources */,
				90AB76A21F9BA5B700A30D76 /* Main.storyboard in Resources */,
			);
			runOnlyForDeploymentPostprocessing = 0;
		};
		90AB76AB1F9BA5B700A30D76 /* Resources */ = {
			isa = PBXResourcesBuildPhase;
			buildActionMask = 2147483647;
			files = (
			);
			runOnlyForDeploymentPostprocessing = 0;
		};
		90AB76B61F9BA5B800A30D76 /* Resources */ = {
			isa = PBXResourcesBuildPhase;
			buildActionMask = 2147483647;
			files = (
			);
			runOnlyForDeploymentPostprocessing = 0;
		};
/* End PBXResourcesBuildPhase section */

/* Begin PBXSourcesBuildPhase section */
		90AB76931F9BA5B700A30D76 /* Sources */ = {
			isa = PBXSourcesBuildPhase;
			buildActionMask = 2147483647;
			files = (
				90AB769F1F9BA5B700A30D76 /* DetailViewController.swift in Sources */,
				90AB769D1F9BA5B700A30D76 /* MasterViewController.swift in Sources */,
				90AB769B1F9BA5B700A30D76 /* AppDelegate.swift in Sources */,
			);
			runOnlyForDeploymentPostprocessing = 0;
		};
		90AB76A91F9BA5B700A30D76 /* Sources */ = {
			isa = PBXSourcesBuildPhase;
			buildActionMask = 2147483647;
			files = (
				90AB76B21F9BA5B700A30D76 /* jolisPoissonsTests.swift in Sources */,
			);
			runOnlyForDeploymentPostprocessing = 0;
		};
		90AB76B41F9BA5B800A30D76 /* Sources */ = {
			isa = PBXSourcesBuildPhase;
			buildActionMask = 2147483647;
			files = (
				90AB76BD1F9BA5B800A30D76 /* jolisPoissonsUITests.swift in Sources */,
			);
			runOnlyForDeploymentPostprocessing = 0;
		};
/* End PBXSourcesBuildPhase section */

/* Begin PBXTargetDependency section */
		90AB76AF1F9BA5B700A30D76 /* PBXTargetDependency */ = {
			isa = PBXTargetDependency;
			target = 90AB76961F9BA5B700A30D76 /* jolisPoissons */;
			targetProxy = 90AB76AE1F9BA5B700A30D76 /* PBXContainerItemProxy */;
		};
		90AB76BA1F9BA5B800A30D76 /* PBXTargetDependency */ = {
			isa = PBXTargetDependency;
			target = 90AB76961F9BA5B700A30D76 /* jolisPoissons */;
			targetProxy = 90AB76B91F9BA5B800A30D76 /* PBXContainerItemProxy */;
		};
/* End PBXTargetDependency section */

/* Begin PBXVariantGroup section */
		90AB76A01F9BA5B700A30D76 /* Main.storyboard */ = {
			isa = PBXVariantGroup;
			children = (
				90AB76A11F9BA5B700A30D76 /* Base */,
			);
			name = Main.storyboard;
			sourceTree = "<group>";
		};
		90AB76A51F9BA5B700A30D76 /* LaunchScreen.storyboard */ = {
			isa = PBXVariantGroup;
			children = (
				90AB76A61F9BA5B700A30D76 /* Base */,
			);
			name = LaunchScreen.storyboard;
			sourceTree = "<group>";
		};
/* End PBXVariantGroup section */

/* Begin XCBuildConfiguration section */
		90AB76BF1F9BA5B800A30D76 /* Debug */ = {
			isa = XCBuildConfiguration;
			buildSettings = {
				ALWAYS_SEARCH_USER_PATHS = NO;
				CLANG_ANALYZER_NONNULL = YES;
				CLANG_ANALYZER_NUMBER_OBJECT_CONVERSION = YES_AGGRESSIVE;
				CLANG_CXX_LANGUAGE_STANDARD = "gnu++0x";
				CLANG_CXX_LIBRARY = "libc++";
				CLANG_ENABLE_MODULES = YES;
				CLANG_ENABLE_OBJC_ARC = YES;
				CLANG_WARN_BOOL_CONVERSION = YES;
				CLANG_WARN_CONSTANT_CONVERSION = YES;
				CLANG_WARN_DIRECT_OBJC_ISA_USAGE = YES_ERROR;
				CLANG_WARN_DOCUMENTATION_COMMENTS = YES;
				CLANG_WARN_EMPTY_BODY = YES;
				CLANG_WARN_ENUM_CONVERSION = YES;
				CLANG_WARN_INFINITE_RECURSION = YES;
				CLANG_WARN_INT_CONVERSION = YES;
				CLANG_WARN_OBJC_ROOT_CLASS = YES_ERROR;
				CLANG_WARN_SUSPICIOUS_MOVE = YES;
				CLANG_WARN_UNREACHABLE_CODE = YES;
				CLANG_WARN__DUPLICATE_METHOD_MATCH = YES;
				"CODE_SIGN_IDENTITY[sdk=iphoneos*]" = "iPhone Developer";
				COPY_PHASE_STRIP = NO;
				DEBUG_INFORMATION_FORMAT = dwarf;
				ENABLE_STRICT_OBJC_MSGSEND = YES;
				ENABLE_TESTABILITY = YES;
				GCC_C_LANGUAGE_STANDARD = gnu99;
				GCC_DYNAMIC_NO_PIC = NO;
				GCC_NO_COMMON_BLOCKS = YES;
				GCC_OPTIMIZATION_LEVEL = 0;
				GCC_PREPROCESSOR_DEFINITIONS = (
					"DEBUG=1",
					"$(inherited)",
				);
				GCC_WARN_64_TO_32_BIT_CONVERSION = YES;
				GCC_WARN_ABOUT_RETURN_TYPE = YES_ERROR;
				GCC_WARN_UNDECLARED_SELECTOR = YES;
				GCC_WARN_UNINITIALIZED_AUTOS = YES_AGGRESSIVE;
				GCC_WARN_UNUSED_FUNCTION = YES;
				GCC_WARN_UNUSED_VARIABLE = YES;
				IPHONEOS_DEPLOYMENT_TARGET = 10.3;
				MTL_ENABLE_DEBUG_INFO = YES;
				ONLY_ACTIVE_ARCH = YES;
				SDKROOT = iphoneos;
				SWIFT_ACTIVE_COMPILATION_CONDITIONS = DEBUG;
				SWIFT_OPTIMIZATION_LEVEL = "-Onone";
				TARGETED_DEVICE_FAMILY = "1,2";
			};
			name = Debug;
		};
		90AB76C01F9BA5B800A30D76 /* Release */ = {
			isa = XCBuildConfiguration;
			buildSettings = {
				ALWAYS_SEARCH_USER_PATHS = NO;
				CLANG_ANALYZER_NONNULL = YES;
				CLANG_ANALYZER_NUMBER_OBJECT_CONVERSION = YES_AGGRESSIVE;
				CLANG_CXX_LANGUAGE_STANDARD = "gnu++0x";
				CLANG_CXX_LIBRARY = "libc++";
				CLANG_ENABLE_MODULES = YES;
				CLANG_ENABLE_OBJC_ARC = YES;
				CLANG_WARN_BOOL_CONVERSION = YES;
				CLANG_WARN_CONSTANT_CONVERSION = YES;
				CLANG_WARN_DIRECT_OBJC_ISA_USAGE = YES_ERROR;
				CLANG_WARN_DOCUMENTATION_COMMENTS = YES;
				CLANG_WARN_EMPTY_BODY = YES;
				CLANG_WARN_ENUM_CONVERSION = YES;
				CLANG_WARN_INFINITE_RECURSION = YES;
				CLANG_WARN_INT_CONVERSION = YES;
				CLANG_WARN_OBJC_ROOT_CLASS = YES_ERROR;
				CLANG_WARN_SUSPICIOUS_MOVE = YES;
				CLANG_WARN_UNREACHABLE_CODE = YES;
				CLANG_WARN__DUPLICATE_METHOD_MATCH = YES;
				"CODE_SIGN_IDENTITY[sdk=iphoneos*]" = "iPhone Developer";
				COPY_PHASE_STRIP = NO;
				DEBUG_INFORMATION_FORMAT = "dwarf-with-dsym";
				ENABLE_NS_ASSERTIONS = NO;
				ENABLE_STRICT_OBJC_MSGSEND = YES;
				GCC_C_LANGUAGE_STANDARD = gnu99;
				GCC_NO_COMMON_BLOCKS = YES;
				GCC_WARN_64_TO_32_BIT_CONVERSION = YES;
				GCC_WARN_ABOUT_RETURN_TYPE = YES_ERROR;
				GCC_WARN_UNDECLARED_SELECTOR = YES;
				GCC_WARN_UNINITIALIZED_AUTOS = YES_AGGRESSIVE;
				GCC_WARN_UNUSED_FUNCTION = YES;
				GCC_WARN_UNUSED_VARIABLE = YES;
				IPHONEOS_DEPLOYMENT_TARGET = 10.3;
				MTL_ENABLE_DEBUG_INFO = NO;
				SDKROOT = iphoneos;
				SWIFT_OPTIMIZATION_LEVEL = "-Owholemodule";
				TARGETED_DEVICE_FAMILY = "1,2";
				VALIDATE_PRODUCT = YES;
			};
			name = Release;
		};
		90AB76C21F9BA5B800A30D76 /* Debug */ = {
			isa = XCBuildConfiguration;
			buildSettings = {
				ASSETCATALOG_COMPILER_APPICON_NAME = AppIcon;
				DEVELOPMENT_TEAM = RZB966GZ6E;
				INFOPLIST_FILE = jolisPoissons/Info.plist;
				LD_RUNPATH_SEARCH_PATHS = "$(inherited) @executable_path/Frameworks";
				PRODUCT_BUNDLE_IDENTIFIER = edu.RockValleyCollege.jolisPoissons;
				PRODUCT_NAME = "$(TARGET_NAME)";
				SWIFT_VERSION = 3.0;
			};
			name = Debug;
		};
		90AB76C31F9BA5B800A30D76 /* Release */ = {
			isa = XCBuildConfiguration;
			buildSettings = {
				ASSETCATALOG_COMPILER_APPICON_NAME = AppIcon;
				DEVELOPMENT_TEAM = RZB966GZ6E;
				INFOPLIST_FILE = jolisPoissons/Info.plist;
				LD_RUNPATH_SEARCH_PATHS = "$(inherited) @executable_path/Frameworks";
				PRODUCT_BUNDLE_IDENTIFIER = edu.RockValleyCollege.jolisPoissons;
				PRODUCT_NAME = "$(TARGET_NAME)";
				SWIFT_VERSION = 3.0;
			};
			name = Release;
		};
		90AB76C51F9BA5B800A30D76 /* Debug */ = {
			isa = XCBuildConfiguration;
			buildSettings = {
				ALWAYS_EMBED_SWIFT_STANDARD_LIBRARIES = YES;
				BUNDLE_LOADER = "$(TEST_HOST)";
				DEVELOPMENT_TEAM = RZB966GZ6E;
				INFOPLIST_FILE = jolisPoissonsTests/Info.plist;
				LD_RUNPATH_SEARCH_PATHS = "$(inherited) @executable_path/Frameworks @loader_path/Frameworks";
				PRODUCT_BUNDLE_IDENTIFIER = edu.RockValleyCollege.jolisPoissonsTests;
				PRODUCT_NAME = "$(TARGET_NAME)";
				SWIFT_VERSION = 3.0;
				TEST_HOST = "$(BUILT_PRODUCTS_DIR)/jolisPoissons.app/jolisPoissons";
			};
			name = Debug;
		};
		90AB76C61F9BA5B800A30D76 /* Release */ = {
			isa = XCBuildConfiguration;
			buildSettings = {
				ALWAYS_EMBED_SWIFT_STANDARD_LIBRARIES = YES;
				BUNDLE_LOADER = "$(TEST_HOST)";
				DEVELOPMENT_TEAM = RZB966GZ6E;
				INFOPLIST_FILE = jolisPoissonsTests/Info.plist;
				LD_RUNPATH_SEARCH_PATHS = "$(inherited) @executable_path/Frameworks @loader_path/Frameworks";
				PRODUCT_BUNDLE_IDENTIFIER = edu.RockValleyCollege.jolisPoissonsTests;
				PRODUCT_NAME = "$(TARGET_NAME)";
				SWIFT_VERSION = 3.0;
				TEST_HOST = "$(BUILT_PRODUCTS_DIR)/jolisPoissons.app/jolisPoissons";
			};
			name = Release;
		};
		90AB76C81F9BA5B800A30D76 /* Debug */ = {
			isa = XCBuildConfiguration;
			buildSettings = {
				ALWAYS_EMBED_SWIFT_STANDARD_LIBRARIES = YES;
				DEVELOPMENT_TEAM = RZB966GZ6E;
				INFOPLIST_FILE = jolisPoissonsUITests/Info.plist;
				LD_RUNPATH_SEARCH_PATHS = "$(inherited) @executable_path/Frameworks @loader_path/Frameworks";
				PRODUCT_BUNDLE_IDENTIFIER = edu.RockValleyCollege.jolisPoissonsUITests;
				PRODUCT_NAME = "$(TARGET_NAME)";
				SWIFT_VERSION = 3.0;
				TEST_TARGET_NAME = jolisPoissons;
			};
			name = Debug;
		};
		90AB76C91F9BA5B800A30D76 /* Release */ = {
			isa = XCBuildConfiguration;
			buildSettings = {
				ALWAYS_EMBED_SWIFT_STANDARD_LIBRARIES = YES;
				DEVELOPMENT_TEAM = RZB966GZ6E;
				INFOPLIST_FILE = jolisPoissonsUITests/Info.plist;
				LD_RUNPATH_SEARCH_PATHS = "$(inherited) @executable_path/Frameworks @loader_path/Frameworks";
				PRODUCT_BUNDLE_IDENTIFIER = edu.RockValleyCollege.jolisPoissonsUITests;
				PRODUCT_NAME = "$(TARGET_NAME)";
				SWIFT_VERSION = 3.0;
				TEST_TARGET_NAME = jolisPoissons;
			};
			name = Release;
		};
/* End XCBuildConfiguration section */

/* Begin XCConfigurationList section */
		90AB76921F9BA5B700A30D76 /* Build configuration list for PBXProject "jolisPoissons" */ = {
			isa = XCConfigurationList;
			buildConfigurations = (
				90AB76BF1F9BA5B800A30D76 /* Debug */,
				90AB76C01F9BA5B800A30D76 /* Release */,
			);
			defaultConfigurationIsVisible = 0;
			defaultConfigurationName = Release;
		};
		90AB76C11F9BA5B800A30D76 /* Build configuration list for PBXNativeTarget "jolisPoissons" */ = {
			isa = XCConfigurationList;
			buildConfigurations = (
				90AB76C21F9BA5B800A30D76 /* Debug */,
				90AB76C31F9BA5B800A30D76 /* Release */,
			);
			defaultConfigurationIsVisible = 0;
		};
		90AB76C41F9BA5B800A30D76 /* Build configuration list for PBXNativeTarget "jolisPoissonsTests" */ = {
			isa = XCConfigurationList;
			buildConfigurations = (
				90AB76C51F9BA5B800A30D76 /* Debug */,
				90AB76C61F9BA5B800A30D76 /* Release */,
			);
			defaultConfigurationIsVisible = 0;
		};
		90AB76C71F9BA5B800A30D76 /* Build configuration list for PBXNativeTarget "jolisPoissonsUITests" */ = {
			isa = XCConfigurationList;
			buildConfigurations = (
				90AB76C81F9BA5B800A30D76 /* Debug */,
				90AB76C91F9BA5B800A30D76 /* Release */,
			);
			defaultConfigurationIsVisible = 0;
		};
/* End XCConfigurationList section */
	};
	rootObject = 90AB768F1F9BA5B700A30D76 /* Project object */;
}
